
Microsoft Visual Studio Solution File, Format Version 12.00
# Visual Studio Version 17
VisualStudioVersion = 17.6.33801.468
MinimumVisualStudioVersion = 10.0.40219.1
Project("{FAE04EC0-301F-11D3-BF4B-00C04F79EFBC}") = "PABMS", "PABMS.csproj", "{A6F94E9C-5C0F-4D91-A970-D0478F5F8F0B}"
EndProject
Global
	GlobalSection(SolutionConfigurationPlatforms) = preSolution
		Debug|Any CPU = Debug|Any CPU
		Release|Any CPU = Release|Any CPU
	EndGlobalSection
	GlobalSection(ProjectConfigurationPlatforms) = postSolution
		{A6F94E9C-5C0F-4D91-A970-D0478F5F8F0B}.Debug|Any CPU.ActiveCfg = Debug|Any CPU
		{A6F94E9C-5C0F-4D91-A970-D0478F5F8F0B}.Debug|Any CPU.Build.0 = Debug|Any CPU
		{A6F94E9C-5C0F-4D91-A970-D0478F5F8F0B}.Release|Any CPU.ActiveCfg = Release|Any CPU
		{A6F94E9C-5C0F-4D91-A970-D0478F5F8F0B}.Release|Any CPU.Build.0 = Release|Any CPU
	EndGlobalSection
	GlobalSection(SolutionProperties) = preSolution
		HideSolutionNode = FALSE
	EndGlobalSection
	GlobalSection(ExtensibilityGlobals) = postSolution
		SolutionGuid = {B02F0E20-A020-4E04-B868-04663A8EB230}
	EndGlobalSection
EndGlobal
